{
  "name": "steno",
  "lockfileVersion": 3,
  "requires": true,
  "packages": {
    "": {
      "dependencies": {
        "tinymce": "^8.0.2"
      }
    },
    "node_modules/tinymce": {
      "version": "8.0.2",
      "resolved": "https://registry.npmjs.org/tinymce/-/tinymce-8.0.2.tgz",
      "integrity": "sha512-Gkvn5mRcZCAK1EKP7hnk3VBzwqPbqpZU2AN0T08BMtvmY9Sg0C0ZqmMghJCQ3vgo+LWA38pDOPiaM8EW7BZEow=="
    }
  }
}
